{
  "nodes": {
    "flake-utils": {
      "locked": {
        "lastModified": 1649676176,
        "narHash": "sha256-OWKJratjt2RW151VUlJPRALb7OU2S5s+f0vLj4o1bHM=",
        "owner": "numtide",
        "repo": "flake-utils",
        "rev": "a4b154ebbdc88c8498a5c7b01589addc9e9cb678",
        "type": "github"
      },
      "original": {
        "owner": "numtide",
        "repo": "flake-utils",
        "type": "github"
      }
    },
    "flake-utils_2": {
      "locked": {
        "lastModified": 1649676176,
        "narHash": "sha256-OWKJratjt2RW151VUlJPRALb7OU2S5s+f0vLj4o1bHM=",
        "owner": "numtide",
        "repo": "flake-utils",
        "rev": "a4b154ebbdc88c8498a5c7b01589addc9e9cb678",
        "type": "github"
      },
      "original": {
        "owner": "numtide",
        "repo": "flake-utils",
        "type": "github"
      }
    },
    "nixpkgs": {
      "locked": {
        "lastModified": 1650999341,
        "narHash": "sha256-ByTuyLx5k2kjo0qClN74MXOLxjfyKr3bZ4d9O6n0FeQ=",
        "owner": "NixOS",
        "repo": "nixpkgs",
        "rev": "a5282b8bfc8ba84ce2f7ec6da470d16f579a1419",
        "type": "github"
      },
      "original": {
        "owner": "NixOS",
        "repo": "nixpkgs",
        "type": "github"
      }
    },
    "nixpkgs_2": {
      "locked": {
        "lastModified": 1650999341,
        "narHash": "sha256-ByTuyLx5k2kjo0qClN74MXOLxjfyKr3bZ4d9O6n0FeQ=",
        "owner": "NixOS",
        "repo": "nixpkgs",
        "rev": "a5282b8bfc8ba84ce2f7ec6da470d16f579a1419",
        "type": "github"
      },
      "original": {
        "owner": "NixOS",
        "repo": "nixpkgs",
        "type": "github"
      }
    },
    "poetry2nix": {
      "inputs": {
        "flake-utils": "flake-utils_2",
        "nixpkgs": "nixpkgs_2"
      },
      "locked": {
        "lastModified": 1650693998,
        "narHash": "sha256-rypGV9HND1VsR/DEtD4O3cPcwCJVfIiTKvEbYskQSqg=",
        "owner": "nix-community",
        "repo": "poetry2nix",
        "rev": "8cfd980262181bd3ef15899708ceeb2e3f33958b",
        "type": "github"
      },
      "original": {
        "id": "poetry2nix",
        "type": "indirect"
      }
    },
    "root": {
      "inputs": {
        "flake-utils": "flake-utils",
        "nixpkgs": "nixpkgs",
        "poetry2nix": "poetry2nix"
      }
    }
  },
  "root": "root",
  "version": 7
}
