{
  "nodes": {
    "flake-utils": {
      "locked": {
        "lastModified": 1649676176,
        "narHash": "sha256-OWKJratjt2RW151VUlJPRALb7OU2S5s+f0vLj4o1bHM=",
        "owner": "numtide",
        "repo": "flake-utils",
        "rev": "a4b154ebbdc88c8498a5c7b01589addc9e9cb678",
        "type": "github"
      },
      "original": {
        "owner": "numtide",
        "repo": "flake-utils",
        "type": "github"
      }
    },
    "n2n": {
      "inputs": {
        "flake-utils": "flake-utils",
        "nixpkgs": "nixpkgs"
      },
      "locked": {
        "lastModified": 1651314064,
        "narHash": "sha256-rZRvfItqDAEkbi9/40sLxolRavYl7JuVJDx8ig2RQzU=",
        "owner": "jhh",
        "repo": "node2nix",
        "rev": "92b478e65759152068ff3c4eae8882ecf57f256b",
        "type": "github"
      },
      "original": {
        "owner": "jhh",
        "repo": "node2nix",
        "type": "github"
      }
    },
    "nixpkgs": {
      "locked": {
        "lastModified": 1651007983,
        "narHash": "sha256-GNay7yDPtLcRcKCNHldug85AhAvBpTtPEJWSSDYBw8U=",
        "owner": "nixos",
        "repo": "nixpkgs",
        "rev": "e10da1c7f542515b609f8dfbcf788f3d85b14936",
        "type": "github"
      },
      "original": {
        "owner": "nixos",
        "ref": "nixos-unstable",
        "repo": "nixpkgs",
        "type": "github"
      }
    },
    "nixpkgs_2": {
      "locked": {
        "lastModified": 1651558728,
        "narHash": "sha256-8HzyRnWlgZluUrVFNOfZAOlA1fghpOSezXvxhalGMUo=",
        "owner": "nixos",
        "repo": "nixpkgs",
        "rev": "cbe587c735b734405f56803e267820ee1559e6c1",
        "type": "github"
      },
      "original": {
        "owner": "nixos",
        "ref": "nixos-unstable",
        "repo": "nixpkgs",
        "type": "github"
      }
    },
    "readerwriterqueue-src": {
      "flake": false,
      "locked": {
        "lastModified": 1628973707,
        "narHash": "sha256-g7NX7Ucl5GWw3u6TiUOITjhv7492ByTzACtWR0Ph2Jc=",
        "owner": "cameron314",
        "repo": "readerwriterqueue",
        "rev": "8e7627d18c2108aca178888d88514179899a044f",
        "type": "github"
      },
      "original": {
        "owner": "cameron314",
        "repo": "readerwriterqueue",
        "type": "github"
      }
    },
    "root": {
      "inputs": {
        "n2n": "n2n",
        "nixpkgs": "nixpkgs_2",
        "readerwriterqueue-src": "readerwriterqueue-src",
        "safe-src": "safe-src",
        "tinyfsm-src": "tinyfsm-src",
        "utils": "utils",
        "wpilib-src": "wpilib-src"
      }
    },
    "safe-src": {
      "flake": false,
      "locked": {
        "lastModified": 1602615737,
        "narHash": "sha256-bcYEUvrteF+V0LbiB0In02mVhO1kronGXlhMOdmyW1Q=",
        "owner": "LouisCharlesC",
        "repo": "safe",
        "rev": "2cffe68a262ccd9ab3bf8f122d03dd4361d11a13",
        "type": "github"
      },
      "original": {
        "owner": "LouisCharlesC",
        "repo": "safe",
        "type": "github"
      }
    },
    "tinyfsm-src": {
      "flake": false,
      "locked": {
        "lastModified": 1595029365,
        "narHash": "sha256-5LfDKrX9cY47ydaVotEi0WQl2FXF+OFkCOt0Y+uIiLE=",
        "owner": "jhh",
        "repo": "tinyfsm",
        "rev": "10d10cc24cfc43e9b3b73b7c0c66b7aade071b9d",
        "type": "github"
      },
      "original": {
        "owner": "jhh",
        "ref": "cmake",
        "repo": "tinyfsm",
        "type": "github"
      }
    },
    "utils": {
      "locked": {
        "lastModified": 1649676176,
        "narHash": "sha256-OWKJratjt2RW151VUlJPRALb7OU2S5s+f0vLj4o1bHM=",
        "owner": "numtide",
        "repo": "flake-utils",
        "rev": "a4b154ebbdc88c8498a5c7b01589addc9e9cb678",
        "type": "github"
      },
      "original": {
        "owner": "numtide",
        "repo": "flake-utils",
        "type": "github"
      }
    },
    "wpilib-src": {
      "flake": false,
      "locked": {
        "lastModified": 1645897774,
        "narHash": "sha256-8BMUTAGJwUPp3butmn+jMHNUS0Swtv9BqNBnAxJQ9KA=",
        "owner": "wpilibsuite",
        "repo": "allwpilib",
        "rev": "d66555e42f3fb558ebe7609602fcbeee252be287",
        "type": "github"
      },
      "original": {
        "owner": "wpilibsuite",
        "ref": "v2022.4.1",
        "repo": "allwpilib",
        "type": "github"
      }
    }
  },
  "root": "root",
  "version": 7
}
