{
  "nodes": {
    "nixpkgs": {
      "locked": {
        "lastModified": 1636331958,
        "narHash": "sha256-TKZxRTWq9aWUfxFAAGC54sGdqibltJ34IpB03cWJq48=",
        "owner": "NixOS",
        "repo": "nixpkgs",
        "rev": "ad88334a89f66fce39467d5511f9dc74cb729cc3",
        "type": "github"
      },
      "original": {
        "owner": "NixOS",
        "repo": "nixpkgs",
        "type": "github"
      }
    },
    "root": {
      "inputs": {
        "nixpkgs": "nixpkgs"
      }
    }
  },
  "root": "root",
  "version": 7
}
