{
  "nodes": {
    "deadeye-admin": {
      "inputs": {
        "nixpkgs": "nixpkgs",
        "utils": "utils"
      },
      "locked": {
        "lastModified": 1,
        "narHash": "sha256-64yOZefWzHR1yE90d7fUrlL2CAt2jUAwl7LjOZaZgGM=",
        "path": "../admin",
        "type": "path"
      },
      "original": {
        "path": "../admin",
        "type": "path"
      }
    },
    "deadeye-web": {
      "inputs": {
        "n2n": "n2n",
        "nixpkgs": "nixpkgs_3",
        "utils": "utils_2"
      },
      "locked": {
        "lastModified": 1,
        "narHash": "sha256-1T5r86q+25/jtudLJFDFrmd74rOAibxVYN0zyPu8i9g=",
        "path": "../web",
        "type": "path"
      },
      "original": {
        "path": "../web",
        "type": "path"
      }
    },
    "flake-utils": {
      "locked": {
        "lastModified": 1649676176,
        "narHash": "sha256-OWKJratjt2RW151VUlJPRALb7OU2S5s+f0vLj4o1bHM=",
        "owner": "numtide",
        "repo": "flake-utils",
        "rev": "a4b154ebbdc88c8498a5c7b01589addc9e9cb678",
        "type": "github"
      },
      "original": {
        "owner": "numtide",
        "repo": "flake-utils",
        "type": "github"
      }
    },
    "n2n": {
      "inputs": {
        "flake-utils": "flake-utils",
        "nixpkgs": "nixpkgs_2"
      },
      "locked": {
        "lastModified": 1651310804,
        "narHash": "sha256-Q89bRcOfejmg5HUA4Q88o8Rx3pDEVZygo2AoflR0YOg=",
        "owner": "jhh",
        "repo": "node2nix",
        "rev": "111e641c970f7618951eccff30011c320cd6045b",
        "type": "github"
      },
      "original": {
        "owner": "jhh",
        "repo": "node2nix",
        "type": "github"
      }
    },
    "nixpkgs": {
      "locked": {
        "lastModified": 1650920067,
        "narHash": "sha256-iV+7zkBZsHiy4epfcyoiW8lRXdjZXq6h8RfNcaua4Fc=",
        "owner": "nixos",
        "repo": "nixpkgs",
        "rev": "6a323903ad07de6680169bb0423c5cea9db41d82",
        "type": "github"
      },
      "original": {
        "owner": "nixos",
        "ref": "nixos-unstable",
        "repo": "nixpkgs",
        "type": "github"
      }
    },
    "nixpkgs_2": {
      "locked": {
        "lastModified": 1651007983,
        "narHash": "sha256-GNay7yDPtLcRcKCNHldug85AhAvBpTtPEJWSSDYBw8U=",
        "owner": "nixos",
        "repo": "nixpkgs",
        "rev": "e10da1c7f542515b609f8dfbcf788f3d85b14936",
        "type": "github"
      },
      "original": {
        "owner": "nixos",
        "ref": "nixos-unstable",
        "repo": "nixpkgs",
        "type": "github"
      }
    },
    "nixpkgs_3": {
      "locked": {
        "lastModified": 1651307099,
        "narHash": "sha256-bIvIfZZLhCBAKUdCzWzQf/2B7ZW3NJOegO+jC7jAdEo=",
        "owner": "NixOS",
        "repo": "nixpkgs",
        "rev": "f678ad7c7a306f5a073fbb68e93a074ca2d1f054",
        "type": "github"
      },
      "original": {
        "owner": "NixOS",
        "repo": "nixpkgs",
        "type": "github"
      }
    },
    "nixpkgs_4": {
      "locked": {
        "lastModified": 1651584929,
        "narHash": "sha256-4e4Krpvcpw5U6DKFGfZTnPpwkV3BtDhU17lVAwQZYVE=",
        "owner": "NixOS",
        "repo": "nixpkgs",
        "rev": "7beebb590d541ffa534aa34b0b163f81c3c72c2c",
        "type": "github"
      },
      "original": {
        "owner": "NixOS",
        "repo": "nixpkgs",
        "type": "github"
      }
    },
    "root": {
      "inputs": {
        "deadeye-admin": "deadeye-admin",
        "deadeye-web": "deadeye-web",
        "nixpkgs": "nixpkgs_4",
        "utils": "utils_3"
      }
    },
    "utils": {
      "locked": {
        "lastModified": 1649676176,
        "narHash": "sha256-OWKJratjt2RW151VUlJPRALb7OU2S5s+f0vLj4o1bHM=",
        "owner": "numtide",
        "repo": "flake-utils",
        "rev": "a4b154ebbdc88c8498a5c7b01589addc9e9cb678",
        "type": "github"
      },
      "original": {
        "owner": "numtide",
        "repo": "flake-utils",
        "type": "github"
      }
    },
    "utils_2": {
      "locked": {
        "lastModified": 1649676176,
        "narHash": "sha256-OWKJratjt2RW151VUlJPRALb7OU2S5s+f0vLj4o1bHM=",
        "owner": "numtide",
        "repo": "flake-utils",
        "rev": "a4b154ebbdc88c8498a5c7b01589addc9e9cb678",
        "type": "github"
      },
      "original": {
        "owner": "numtide",
        "repo": "flake-utils",
        "type": "github"
      }
    },
    "utils_3": {
      "locked": {
        "lastModified": 1649676176,
        "narHash": "sha256-OWKJratjt2RW151VUlJPRALb7OU2S5s+f0vLj4o1bHM=",
        "owner": "numtide",
        "repo": "flake-utils",
        "rev": "a4b154ebbdc88c8498a5c7b01589addc9e9cb678",
        "type": "github"
      },
      "original": {
        "owner": "numtide",
        "repo": "flake-utils",
        "type": "github"
      }
    }
  },
  "root": "root",
  "version": 7
}
